
Microsoft Visual Studio Solution File, Format Version 12.00
# Visual Studio 2013
VisualStudioVersion = 12.0.30723.0
MinimumVisualStudioVersion = 10.0.40219.1
Project("{8BC9CEB8-8B4A-11D0-8D11-00A0C91BC942}") = "Jogo da Velha", "Jogo da Velha.vcxproj", "{68F40C50-9FBA-47BD-9985-663155A5AAA8}"
EndProject
Global
	GlobalSection(SolutionConfigurationPlatforms) = preSolution
		Debug|Win32 = Debug|Win32
		Release|Win32 = Release|Win32
	EndGlobalSection
	GlobalSection(ProjectConfigurationPlatforms) = postSolution
		{68F40C50-9FBA-47BD-9985-663155A5AAA8}.Debug|Win32.ActiveCfg = Debug|Win32
		{68F40C50-9FBA-47BD-9985-663155A5AAA8}.Debug|Win32.Build.0 = Debug|Win32
		{68F40C50-9FBA-47BD-9985-663155A5AAA8}.Release|Win32.ActiveCfg = Release|Win32
		{68F40C50-9FBA-47BD-9985-663155A5AAA8}.Release|Win32.Build.0 = Release|Win32
	EndGlobalSection
	GlobalSection(SolutionProperties) = preSolution
		HideSolutionNode = FALSE
	EndGlobalSection
EndGlobal
